
Microsoft Visual Studio Solution File, Format Version 12.00
# Visual Studio 14
VisualStudioVersion = 14.0.24720.0
MinimumVisualStudioVersion = 10.0.40219.1
Project("{2150E333-8FDC-42A3-9474-1A3956D46DE8}") = "Solution Items", "Solution Items", "{22C0E846-9FA9-4753-A249-BE1B1662ECC1}"
	ProjectSection(SolutionItems) = preProject
		global.json = global.json
	EndProjectSection
EndProject
Project("{2150E333-8FDC-42A3-9474-1A3956D46DE8}") = "Portal", "Portal", "{E3DBC19E-E77B-4160-AA57-0EA2346F5920}"
EndProject
Project("{2150E333-8FDC-42A3-9474-1A3956D46DE8}") = "Core", "Core", "{FBA441A0-3960-4EB3-A55B-BD77A4515607}"
EndProject
Project("{FAE04EC0-301F-11D3-BF4B-00C04F79EFBC}") = "AlteaLabs.Portal.Contracts", "AlteaLabs.Portal.Contracts\AlteaLabs.Portal.Contracts.csproj", "{53CE1A0B-F635-40C5-9D96-ADD4BE35F8A4}"
EndProject
Project("{FAE04EC0-301F-11D3-BF4B-00C04F79EFBC}") = "AlteaLabs.Portal.Services", "AlteaLabs.Portal.Services\AlteaLabs.Portal.Services.csproj", "{350995AF-2585-4F6A-B302-7164B60EC14E}"
EndProject
Project("{FAE04EC0-301F-11D3-BF4B-00C04F79EFBC}") = "AlteaLabs.Portal.Persitence", "AlteaLabs.Portal.Persitence\AlteaLabs.Portal.Persitence.csproj", "{982F05C5-BA9C-4556-9406-E63EEA48E5EF}"
EndProject
Project("{FAE04EC0-301F-11D3-BF4B-00C04F79EFBC}") = "AlteaLabs.Core", "AlteaLabs.Core\AlteaLabs.Core.csproj", "{8EC934AD-455D-4128-947A-3A317DA04B05}"
EndProject
Project("{FAE04EC0-301F-11D3-BF4B-00C04F79EFBC}") = "AlteaLabs.Core.Tests", "AlteaLabs.Core.Tests\AlteaLabs.Core.Tests.csproj", "{4BFDC8F0-FC6E-47C5-A675-91712A2E4E3C}"
EndProject
Project("{FAE04EC0-301F-11D3-BF4B-00C04F79EFBC}") = "portableExample", "portableExample\portableExample.csproj", "{F8CEF745-B532-42DC-9E15-2C4C44774412}"
EndProject
Project("{FAE04EC0-301F-11D3-BF4B-00C04F79EFBC}") = "AlteaLabs.Portal", "AlteaLabs.Portal\AlteaLabs.Portal.csproj", "{05C1DE9C-9D66-4E3C-B368-E474670D9B25}"
EndProject
Global
	GlobalSection(SolutionConfigurationPlatforms) = preSolution
		Debug|Any CPU = Debug|Any CPU
		Release|Any CPU = Release|Any CPU
	EndGlobalSection
	GlobalSection(ProjectConfigurationPlatforms) = postSolution
		{53CE1A0B-F635-40C5-9D96-ADD4BE35F8A4}.Debug|Any CPU.ActiveCfg = Debug|Any CPU
		{53CE1A0B-F635-40C5-9D96-ADD4BE35F8A4}.Debug|Any CPU.Build.0 = Debug|Any CPU
		{53CE1A0B-F635-40C5-9D96-ADD4BE35F8A4}.Release|Any CPU.ActiveCfg = Release|Any CPU
		{53CE1A0B-F635-40C5-9D96-ADD4BE35F8A4}.Release|Any CPU.Build.0 = Release|Any CPU
		{350995AF-2585-4F6A-B302-7164B60EC14E}.Debug|Any CPU.ActiveCfg = Debug|Any CPU
		{350995AF-2585-4F6A-B302-7164B60EC14E}.Debug|Any CPU.Build.0 = Debug|Any CPU
		{350995AF-2585-4F6A-B302-7164B60EC14E}.Release|Any CPU.ActiveCfg = Release|Any CPU
		{350995AF-2585-4F6A-B302-7164B60EC14E}.Release|Any CPU.Build.0 = Release|Any CPU
		{982F05C5-BA9C-4556-9406-E63EEA48E5EF}.Debug|Any CPU.ActiveCfg = Debug|Any CPU
		{982F05C5-BA9C-4556-9406-E63EEA48E5EF}.Debug|Any CPU.Build.0 = Debug|Any CPU
		{982F05C5-BA9C-4556-9406-E63EEA48E5EF}.Release|Any CPU.ActiveCfg = Release|Any CPU
		{982F05C5-BA9C-4556-9406-E63EEA48E5EF}.Release|Any CPU.Build.0 = Release|Any CPU
		{8EC934AD-455D-4128-947A-3A317DA04B05}.Debug|Any CPU.ActiveCfg = Debug|Any CPU
		{8EC934AD-455D-4128-947A-3A317DA04B05}.Debug|Any CPU.Build.0 = Debug|Any CPU
		{8EC934AD-455D-4128-947A-3A317DA04B05}.Release|Any CPU.ActiveCfg = Release|Any CPU
		{8EC934AD-455D-4128-947A-3A317DA04B05}.Release|Any CPU.Build.0 = Release|Any CPU
		{4BFDC8F0-FC6E-47C5-A675-91712A2E4E3C}.Debug|Any CPU.ActiveCfg = Debug|Any CPU
		{4BFDC8F0-FC6E-47C5-A675-91712A2E4E3C}.Debug|Any CPU.Build.0 = Debug|Any CPU
		{4BFDC8F0-FC6E-47C5-A675-91712A2E4E3C}.Release|Any CPU.ActiveCfg = Release|Any CPU
		{4BFDC8F0-FC6E-47C5-A675-91712A2E4E3C}.Release|Any CPU.Build.0 = Release|Any CPU
		{F8CEF745-B532-42DC-9E15-2C4C44774412}.Debug|Any CPU.ActiveCfg = Debug|Any CPU
		{F8CEF745-B532-42DC-9E15-2C4C44774412}.Debug|Any CPU.Build.0 = Debug|Any CPU
		{F8CEF745-B532-42DC-9E15-2C4C44774412}.Release|Any CPU.ActiveCfg = Release|Any CPU
		{F8CEF745-B532-42DC-9E15-2C4C44774412}.Release|Any CPU.Build.0 = Release|Any CPU
		{05C1DE9C-9D66-4E3C-B368-E474670D9B25}.Debug|Any CPU.ActiveCfg = Debug|Any CPU
		{05C1DE9C-9D66-4E3C-B368-E474670D9B25}.Debug|Any CPU.Build.0 = Debug|Any CPU
		{05C1DE9C-9D66-4E3C-B368-E474670D9B25}.Release|Any CPU.ActiveCfg = Release|Any CPU
		{05C1DE9C-9D66-4E3C-B368-E474670D9B25}.Release|Any CPU.Build.0 = Release|Any CPU
	EndGlobalSection
	GlobalSection(SolutionProperties) = preSolution
		HideSolutionNode = FALSE
	EndGlobalSection
	GlobalSection(NestedProjects) = preSolution
		{53CE1A0B-F635-40C5-9D96-ADD4BE35F8A4} = {E3DBC19E-E77B-4160-AA57-0EA2346F5920}
		{350995AF-2585-4F6A-B302-7164B60EC14E} = {E3DBC19E-E77B-4160-AA57-0EA2346F5920}
		{982F05C5-BA9C-4556-9406-E63EEA48E5EF} = {E3DBC19E-E77B-4160-AA57-0EA2346F5920}
		{8EC934AD-455D-4128-947A-3A317DA04B05} = {FBA441A0-3960-4EB3-A55B-BD77A4515607}
		{4BFDC8F0-FC6E-47C5-A675-91712A2E4E3C} = {FBA441A0-3960-4EB3-A55B-BD77A4515607}
	EndGlobalSection
EndGlobal
